
Microsoft Visual Studio Solution File, Format Version 12.00
# Visual Studio Version 17
VisualStudioVersion = 17.6.33815.320
MinimumVisualStudioVersion = 10.0.40219.1
Project("{FAE04EC0-301F-11D3-BF4B-00C04F79EFBC}") = "XMLDemo", "XMLDemo\XMLDemo.csproj", "{8A7074FE-2D92-4389-89F5-A56489135028}"
EndProject
Global
	GlobalSection(SolutionConfigurationPlatforms) = preSolution
		Debug|Any CPU = Debug|Any CPU
		Release|Any CPU = Release|Any CPU
	EndGlobalSection
	GlobalSection(ProjectConfigurationPlatforms) = postSolution
		{8A7074FE-2D92-4389-89F5-A56489135028}.Debug|Any CPU.ActiveCfg = Debug|Any CPU
		{8A7074FE-2D92-4389-89F5-A56489135028}.Debug|Any CPU.Build.0 = Debug|Any CPU
		{8A7074FE-2D92-4389-89F5-A56489135028}.Release|Any CPU.ActiveCfg = Release|Any CPU
		{8A7074FE-2D92-4389-89F5-A56489135028}.Release|Any CPU.Build.0 = Release|Any CPU
	EndGlobalSection
	GlobalSection(SolutionProperties) = preSolution
		HideSolutionNode = FALSE
	EndGlobalSection
	GlobalSection(ExtensibilityGlobals) = postSolution
		SolutionGuid = {C79A7DCB-9E87-41AE-BE50-2D37D5738F6B}
	EndGlobalSection
EndGlobal
