
Microsoft Visual Studio Solution File, Format Version 12.00
# Visual Studio Version 17
VisualStudioVersion = 17.0.32126.317
MinimumVisualStudioVersion = 10.0.40219.1
Project("{FAE04EC0-301F-11D3-BF4B-00C04F79EFBC}") = "Lec01Ex02_SQLite", "Lec01Ex02_SQLite\Lec01Ex02_SQLite.csproj", "{180AD9DD-6F28-435B-B8BA-38FAF68EEE34}"
EndProject
Global
	GlobalSection(SolutionConfigurationPlatforms) = preSolution
		Debug|Any CPU = Debug|Any CPU
		Release|Any CPU = Release|Any CPU
	EndGlobalSection
	GlobalSection(ProjectConfigurationPlatforms) = postSolution
		{180AD9DD-6F28-435B-B8BA-38FAF68EEE34}.Debug|Any CPU.ActiveCfg = Debug|Any CPU
		{180AD9DD-6F28-435B-B8BA-38FAF68EEE34}.Debug|Any CPU.Build.0 = Debug|Any CPU
		{180AD9DD-6F28-435B-B8BA-38FAF68EEE34}.Release|Any CPU.ActiveCfg = Release|Any CPU
		{180AD9DD-6F28-435B-B8BA-38FAF68EEE34}.Release|Any CPU.Build.0 = Release|Any CPU
	EndGlobalSection
	GlobalSection(SolutionProperties) = preSolution
		HideSolutionNode = FALSE
	EndGlobalSection
	GlobalSection(ExtensibilityGlobals) = postSolution
		SolutionGuid = {3DCB3A15-955E-4129-BCB8-03EB49D288FC}
	EndGlobalSection
EndGlobal
