
Microsoft Visual Studio Solution File, Format Version 12.00
# Visual Studio Version 17
VisualStudioVersion = 17.11.35222.181
MinimumVisualStudioVersion = 10.0.40219.1
Project("{FAE04EC0-301F-11D3-BF4B-00C04F79EFBC}") = "Lec03Ex01", "Lec03Ex01.csproj", "{94DD0482-0F1F-48DF-8165-E4F595E9E14F}"
EndProject
Global
	GlobalSection(SolutionConfigurationPlatforms) = preSolution
		Debug|Any CPU = Debug|Any CPU
		Release|Any CPU = Release|Any CPU
	EndGlobalSection
	GlobalSection(ProjectConfigurationPlatforms) = postSolution
		{94DD0482-0F1F-48DF-8165-E4F595E9E14F}.Debug|Any CPU.ActiveCfg = Debug|Any CPU
		{94DD0482-0F1F-48DF-8165-E4F595E9E14F}.Debug|Any CPU.Build.0 = Debug|Any CPU
		{94DD0482-0F1F-48DF-8165-E4F595E9E14F}.Release|Any CPU.ActiveCfg = Release|Any CPU
		{94DD0482-0F1F-48DF-8165-E4F595E9E14F}.Release|Any CPU.Build.0 = Release|Any CPU
	EndGlobalSection
	GlobalSection(SolutionProperties) = preSolution
		HideSolutionNode = FALSE
	EndGlobalSection
	GlobalSection(ExtensibilityGlobals) = postSolution
		SolutionGuid = {6E27BDA0-AF0E-403A-AC10-597DCAB3966F}
	EndGlobalSection
EndGlobal
