
Microsoft Visual Studio Solution File, Format Version 12.00
# Visual Studio Version 17
VisualStudioVersion = 17.9.34728.123
MinimumVisualStudioVersion = 10.0.40219.1
Project("{FAE04EC0-301F-11D3-BF4B-00C04F79EFBC}") = "Ex02_CreatingDatabaseConnection", "Ex02_CreatingDatabaseConnection\Ex02_CreatingDatabaseConnection.csproj", "{64626059-FF8E-4216-888A-F4F1A3A01780}"
EndProject
Project("{FAE04EC0-301F-11D3-BF4B-00C04F79EFBC}") = "Ex03_ErrorHandling", "Ex03_ErrorHandling\Ex03_ErrorHandling.csproj", "{DDC43317-8620-46A7-8FBF-496BF54E1573}"
EndProject
Project("{FAE04EC0-301F-11D3-BF4B-00C04F79EFBC}") = "Ex04_StateChangeEvent", "Ex04_StateChangeEvent\Ex04_StateChangeEvent.csproj", "{9CE08114-A6EB-4302-B761-2F26110BD997}"
EndProject
Project("{FAE04EC0-301F-11D3-BF4B-00C04F79EFBC}") = "Ex05_WorkingWithConfigurationClasses", "Ex05_WorkingWithConfigurationClasses\Ex05_WorkingWithConfigurationClasses.csproj", "{F611B656-0101-43F0-AAEC-9136922E8629}"
EndProject
Global
	GlobalSection(SolutionConfigurationPlatforms) = preSolution
		Debug|Any CPU = Debug|Any CPU
		Release|Any CPU = Release|Any CPU
	EndGlobalSection
	GlobalSection(ProjectConfigurationPlatforms) = postSolution
		{64626059-FF8E-4216-888A-F4F1A3A01780}.Debug|Any CPU.ActiveCfg = Debug|Any CPU
		{64626059-FF8E-4216-888A-F4F1A3A01780}.Debug|Any CPU.Build.0 = Debug|Any CPU
		{64626059-FF8E-4216-888A-F4F1A3A01780}.Release|Any CPU.ActiveCfg = Release|Any CPU
		{64626059-FF8E-4216-888A-F4F1A3A01780}.Release|Any CPU.Build.0 = Release|Any CPU
		{DDC43317-8620-46A7-8FBF-496BF54E1573}.Debug|Any CPU.ActiveCfg = Debug|Any CPU
		{DDC43317-8620-46A7-8FBF-496BF54E1573}.Debug|Any CPU.Build.0 = Debug|Any CPU
		{DDC43317-8620-46A7-8FBF-496BF54E1573}.Release|Any CPU.ActiveCfg = Release|Any CPU
		{DDC43317-8620-46A7-8FBF-496BF54E1573}.Release|Any CPU.Build.0 = Release|Any CPU
		{9CE08114-A6EB-4302-B761-2F26110BD997}.Debug|Any CPU.ActiveCfg = Debug|Any CPU
		{9CE08114-A6EB-4302-B761-2F26110BD997}.Debug|Any CPU.Build.0 = Debug|Any CPU
		{9CE08114-A6EB-4302-B761-2F26110BD997}.Release|Any CPU.ActiveCfg = Release|Any CPU
		{9CE08114-A6EB-4302-B761-2F26110BD997}.Release|Any CPU.Build.0 = Release|Any CPU
		{F611B656-0101-43F0-AAEC-9136922E8629}.Debug|Any CPU.ActiveCfg = Debug|Any CPU
		{F611B656-0101-43F0-AAEC-9136922E8629}.Debug|Any CPU.Build.0 = Debug|Any CPU
		{F611B656-0101-43F0-AAEC-9136922E8629}.Release|Any CPU.ActiveCfg = Release|Any CPU
		{F611B656-0101-43F0-AAEC-9136922E8629}.Release|Any CPU.Build.0 = Release|Any CPU
	EndGlobalSection
	GlobalSection(SolutionProperties) = preSolution
		HideSolutionNode = FALSE
	EndGlobalSection
	GlobalSection(ExtensibilityGlobals) = postSolution
		SolutionGuid = {B41AC23F-872C-498E-B7CD-EAFEEA6B7221}
	EndGlobalSection
EndGlobal
